
Microsoft Visual Studio Solution File, Format Version 12.00
# Visual Studio 2015
Project("{FAE04EC0-301F-11D3-BF4B-00C04F79EFBC}") = "ArPROJECT2.CSharp", "ArPROJECT2.CSharp.csproj", "{3FC7E63A-09FF-8D03-1B1B-5E746377E75A}"
EndProject
Project("{FAE04EC0-301F-11D3-BF4B-00C04F79EFBC}") = "ArPROJECT2.CSharp.Editor", "ArPROJECT2.CSharp.Editor.csproj", "{825CC502-7A5E-0F49-7058-AAD0078DC4F9}"
EndProject
Global
	GlobalSection(SolutionConfigurationPlatforms) = preSolution
		Debug|Any CPU = Debug|Any CPU
		Release|Any CPU = Release|Any CPU
	EndGlobalSection
	GlobalSection(ProjectConfigurationPlatforms) = postSolution
		{3FC7E63A-09FF-8D03-1B1B-5E746377E75A}.Debug|Any CPU.ActiveCfg = Debug|Any CPU
		{3FC7E63A-09FF-8D03-1B1B-5E746377E75A}.Debug|Any CPU.Build.0 = Debug|Any CPU
		{3FC7E63A-09FF-8D03-1B1B-5E746377E75A}.Release|Any CPU.ActiveCfg = Release|Any CPU
		{3FC7E63A-09FF-8D03-1B1B-5E746377E75A}.Release|Any CPU.Build.0 = Release|Any CPU
		{825CC502-7A5E-0F49-7058-AAD0078DC4F9}.Debug|Any CPU.ActiveCfg = Debug|Any CPU
		{825CC502-7A5E-0F49-7058-AAD0078DC4F9}.Debug|Any CPU.Build.0 = Debug|Any CPU
		{825CC502-7A5E-0F49-7058-AAD0078DC4F9}.Release|Any CPU.ActiveCfg = Release|Any CPU
		{825CC502-7A5E-0F49-7058-AAD0078DC4F9}.Release|Any CPU.Build.0 = Release|Any CPU
	EndGlobalSection
	GlobalSection(SolutionProperties) = preSolution
		HideSolutionNode = FALSE
	EndGlobalSection
EndGlobal
